
Microsoft Visual Studio Solution File, Format Version 12.00
# Visual Studio Version 16
VisualStudioVersion = 16.0.31729.503
MinimumVisualStudioVersion = 10.0.40219.1
Project("{9A19103F-16F7-4668-BE54-9A1E7A4F7556}") = "Project1", "Project1\Project1.csproj", "{5FD235EF-A530-465D-A8AA-3DEB4C50459E}"
EndProject
Global
	GlobalSection(SolutionConfigurationPlatforms) = preSolution
		Debug|Any CPU = Debug|Any CPU
		Release|Any CPU = Release|Any CPU
	EndGlobalSection
	GlobalSection(ProjectConfigurationPlatforms) = postSolution
		{5FD235EF-A530-465D-A8AA-3DEB4C50459E}.Debug|Any CPU.ActiveCfg = Debug|Any CPU
		{5FD235EF-A530-465D-A8AA-3DEB4C50459E}.Debug|Any CPU.Build.0 = Debug|Any CPU
		{5FD235EF-A530-465D-A8AA-3DEB4C50459E}.Release|Any CPU.ActiveCfg = Release|Any CPU
		{5FD235EF-A530-465D-A8AA-3DEB4C50459E}.Release|Any CPU.Build.0 = Release|Any CPU
	EndGlobalSection
	GlobalSection(SolutionProperties) = preSolution
		HideSolutionNode = FALSE
	EndGlobalSection
	GlobalSection(ExtensibilityGlobals) = postSolution
		SolutionGuid = {00B0FB12-60F3-47AF-AE87-C4233DBE7899}
	EndGlobalSection
EndGlobal
